
Microsoft Visual Studio Solution File, Format Version 12.00
# Visual Studio Version 16
VisualStudioVersion = 16.0.29920.165
MinimumVisualStudioVersion = 10.0.40219.1
Project("{9A19103F-16F7-4668-BE54-9A1E7A4F7556}") = "smallShop", "smallShop\smallShop.csproj", "{75304F8D-2CDF-4F83-9ACE-CCC0306B8C18}"
EndProject
Project("{9A19103F-16F7-4668-BE54-9A1E7A4F7556}") = "fruits", "fruits\fruits.csproj", "{E7CFF736-56BD-44F1-A412-5E279FA5EB7D}"
EndProject
Project("{9A19103F-16F7-4668-BE54-9A1E7A4F7556}") = "genderAndAge", "genderAndAge\genderAndAge.csproj", "{360FBDD4-04A5-41CC-B338-DBBB099B88FE}"
EndProject
Project("{9A19103F-16F7-4668-BE54-9A1E7A4F7556}") = "numberInRange", "numberInRange\numberInRange.csproj", "{5EFB3171-AC05-451A-81AB-2E453E084426}"
EndProject
Project("{9A19103F-16F7-4668-BE54-9A1E7A4F7556}") = "fruitOrVegetable", "fruitOrVegetable\fruitOrVegetable.csproj", "{237AAC82-280B-4437-997D-7B46E82510C2}"
EndProject
Project("{9A19103F-16F7-4668-BE54-9A1E7A4F7556}") = "countriesAndLanguages", "countriesAndLanguages\countriesAndLanguages.csproj", "{BD284C0B-CE03-4C8F-8F21-C86C25D60817}"
EndProject
Project("{9A19103F-16F7-4668-BE54-9A1E7A4F7556}") = "dayOfWeek", "dayOfWeek\dayOfWeek.csproj", "{D0BA8613-BF1D-4527-8747-2363BB2461D2}"
EndProject
Global
	GlobalSection(SolutionConfigurationPlatforms) = preSolution
		Debug|Any CPU = Debug|Any CPU
		Release|Any CPU = Release|Any CPU
	EndGlobalSection
	GlobalSection(ProjectConfigurationPlatforms) = postSolution
		{75304F8D-2CDF-4F83-9ACE-CCC0306B8C18}.Debug|Any CPU.ActiveCfg = Debug|Any CPU
		{75304F8D-2CDF-4F83-9ACE-CCC0306B8C18}.Debug|Any CPU.Build.0 = Debug|Any CPU
		{75304F8D-2CDF-4F83-9ACE-CCC0306B8C18}.Release|Any CPU.ActiveCfg = Release|Any CPU
		{75304F8D-2CDF-4F83-9ACE-CCC0306B8C18}.Release|Any CPU.Build.0 = Release|Any CPU
		{E7CFF736-56BD-44F1-A412-5E279FA5EB7D}.Debug|Any CPU.ActiveCfg = Debug|Any CPU
		{E7CFF736-56BD-44F1-A412-5E279FA5EB7D}.Debug|Any CPU.Build.0 = Debug|Any CPU
		{E7CFF736-56BD-44F1-A412-5E279FA5EB7D}.Release|Any CPU.ActiveCfg = Release|Any CPU
		{E7CFF736-56BD-44F1-A412-5E279FA5EB7D}.Release|Any CPU.Build.0 = Release|Any CPU
		{360FBDD4-04A5-41CC-B338-DBBB099B88FE}.Debug|Any CPU.ActiveCfg = Debug|Any CPU
		{360FBDD4-04A5-41CC-B338-DBBB099B88FE}.Debug|Any CPU.Build.0 = Debug|Any CPU
		{360FBDD4-04A5-41CC-B338-DBBB099B88FE}.Release|Any CPU.ActiveCfg = Release|Any CPU
		{360FBDD4-04A5-41CC-B338-DBBB099B88FE}.Release|Any CPU.Build.0 = Release|Any CPU
		{5EFB3171-AC05-451A-81AB-2E453E084426}.Debug|Any CPU.ActiveCfg = Debug|Any CPU
		{5EFB3171-AC05-451A-81AB-2E453E084426}.Debug|Any CPU.Build.0 = Debug|Any CPU
		{5EFB3171-AC05-451A-81AB-2E453E084426}.Release|Any CPU.ActiveCfg = Release|Any CPU
		{5EFB3171-AC05-451A-81AB-2E453E084426}.Release|Any CPU.Build.0 = Release|Any CPU
		{237AAC82-280B-4437-997D-7B46E82510C2}.Debug|Any CPU.ActiveCfg = Debug|Any CPU
		{237AAC82-280B-4437-997D-7B46E82510C2}.Debug|Any CPU.Build.0 = Debug|Any CPU
		{237AAC82-280B-4437-997D-7B46E82510C2}.Release|Any CPU.ActiveCfg = Release|Any CPU
		{237AAC82-280B-4437-997D-7B46E82510C2}.Release|Any CPU.Build.0 = Release|Any CPU
		{BD284C0B-CE03-4C8F-8F21-C86C25D60817}.Debug|Any CPU.ActiveCfg = Debug|Any CPU
		{BD284C0B-CE03-4C8F-8F21-C86C25D60817}.Debug|Any CPU.Build.0 = Debug|Any CPU
		{BD284C0B-CE03-4C8F-8F21-C86C25D60817}.Release|Any CPU.ActiveCfg = Release|Any CPU
		{BD284C0B-CE03-4C8F-8F21-C86C25D60817}.Release|Any CPU.Build.0 = Release|Any CPU
		{D0BA8613-BF1D-4527-8747-2363BB2461D2}.Debug|Any CPU.ActiveCfg = Debug|Any CPU
		{D0BA8613-BF1D-4527-8747-2363BB2461D2}.Debug|Any CPU.Build.0 = Debug|Any CPU
		{D0BA8613-BF1D-4527-8747-2363BB2461D2}.Release|Any CPU.ActiveCfg = Release|Any CPU
		{D0BA8613-BF1D-4527-8747-2363BB2461D2}.Release|Any CPU.Build.0 = Release|Any CPU
	EndGlobalSection
	GlobalSection(SolutionProperties) = preSolution
		HideSolutionNode = FALSE
	EndGlobalSection
	GlobalSection(ExtensibilityGlobals) = postSolution
		SolutionGuid = {A3DDB956-A6CA-444E-8981-4931201E68B0}
	EndGlobalSection
EndGlobal
