
Microsoft Visual Studio Solution File, Format Version 12.00
# Visual Studio Version 16
VisualStudioVersion = 16.0.29905.134
MinimumVisualStudioVersion = 10.0.40219.1
Project("{9A19103F-16F7-4668-BE54-9A1E7A4F7556}") = "speedInfo", "speedInfo\speedInfo.csproj", "{084101CA-90D7-4267-BBC6-E9B221E970B6}"
EndProject
Project("{9A19103F-16F7-4668-BE54-9A1E7A4F7556}") = "worldSwimmingRecord", "worldSwimmingRecord\worldSwimmingRecord.csproj", "{47A3A866-CEED-4F0C-A889-745AA839BA1D}"
EndProject
Project("{9A19103F-16F7-4668-BE54-9A1E7A4F7556}") = "Scholarship", "ScholarShip\Scholarship.csproj", "{56EF16B1-3361-403A-8820-74B38C1328FF}"
EndProject
Project("{9A19103F-16F7-4668-BE54-9A1E7A4F7556}") = "toyShop", "toyShop\toyShop.csproj", "{EFFB6959-B6EC-4091-90FE-378D897BBE1E}"
EndProject
Project("{9A19103F-16F7-4668-BE54-9A1E7A4F7556}") = "bonusPts", "bonusPts\bonusPts.csproj", "{93DABC0C-3D99-48CE-B489-6DF54E2176EC}"
EndProject
Project("{9A19103F-16F7-4668-BE54-9A1E7A4F7556}") = "convertMetrics", "convertMetrics\convertMetrics.csproj", "{E2AD45E4-07AF-4528-B3DA-1EDE61AA99CF}"
EndProject
Project("{9A19103F-16F7-4668-BE54-9A1E7A4F7556}") = "godzillaVsKong", "godzillaVsKong\godzillaVsKong.csproj", "{17F73DA0-6608-446D-84FE-7B3264EA9094}"
EndProject
Project("{9A19103F-16F7-4668-BE54-9A1E7A4F7556}") = "SumSeconds", "SumSeconds\SumSeconds.csproj", "{7907F4C0-04C4-4EAB-84D4-05E562C2E514}"
EndProject
Project("{9A19103F-16F7-4668-BE54-9A1E7A4F7556}") = "timePlusFifteen", "timePlusFifteen\timePlusFifteen.csproj", "{CE7F9550-476F-4EBB-9165-BC9DF26F93C1}"
EndProject
Global
	GlobalSection(SolutionConfigurationPlatforms) = preSolution
		Debug|Any CPU = Debug|Any CPU
		Release|Any CPU = Release|Any CPU
	EndGlobalSection
	GlobalSection(ProjectConfigurationPlatforms) = postSolution
		{084101CA-90D7-4267-BBC6-E9B221E970B6}.Debug|Any CPU.ActiveCfg = Debug|Any CPU
		{084101CA-90D7-4267-BBC6-E9B221E970B6}.Debug|Any CPU.Build.0 = Debug|Any CPU
		{084101CA-90D7-4267-BBC6-E9B221E970B6}.Release|Any CPU.ActiveCfg = Release|Any CPU
		{084101CA-90D7-4267-BBC6-E9B221E970B6}.Release|Any CPU.Build.0 = Release|Any CPU
		{47A3A866-CEED-4F0C-A889-745AA839BA1D}.Debug|Any CPU.ActiveCfg = Debug|Any CPU
		{47A3A866-CEED-4F0C-A889-745AA839BA1D}.Debug|Any CPU.Build.0 = Debug|Any CPU
		{47A3A866-CEED-4F0C-A889-745AA839BA1D}.Release|Any CPU.ActiveCfg = Release|Any CPU
		{47A3A866-CEED-4F0C-A889-745AA839BA1D}.Release|Any CPU.Build.0 = Release|Any CPU
		{56EF16B1-3361-403A-8820-74B38C1328FF}.Debug|Any CPU.ActiveCfg = Debug|Any CPU
		{56EF16B1-3361-403A-8820-74B38C1328FF}.Debug|Any CPU.Build.0 = Debug|Any CPU
		{56EF16B1-3361-403A-8820-74B38C1328FF}.Release|Any CPU.ActiveCfg = Release|Any CPU
		{56EF16B1-3361-403A-8820-74B38C1328FF}.Release|Any CPU.Build.0 = Release|Any CPU
		{EFFB6959-B6EC-4091-90FE-378D897BBE1E}.Debug|Any CPU.ActiveCfg = Debug|Any CPU
		{EFFB6959-B6EC-4091-90FE-378D897BBE1E}.Debug|Any CPU.Build.0 = Debug|Any CPU
		{EFFB6959-B6EC-4091-90FE-378D897BBE1E}.Release|Any CPU.ActiveCfg = Release|Any CPU
		{EFFB6959-B6EC-4091-90FE-378D897BBE1E}.Release|Any CPU.Build.0 = Release|Any CPU
		{93DABC0C-3D99-48CE-B489-6DF54E2176EC}.Debug|Any CPU.ActiveCfg = Debug|Any CPU
		{93DABC0C-3D99-48CE-B489-6DF54E2176EC}.Debug|Any CPU.Build.0 = Debug|Any CPU
		{93DABC0C-3D99-48CE-B489-6DF54E2176EC}.Release|Any CPU.ActiveCfg = Release|Any CPU
		{93DABC0C-3D99-48CE-B489-6DF54E2176EC}.Release|Any CPU.Build.0 = Release|Any CPU
		{E2AD45E4-07AF-4528-B3DA-1EDE61AA99CF}.Debug|Any CPU.ActiveCfg = Debug|Any CPU
		{E2AD45E4-07AF-4528-B3DA-1EDE61AA99CF}.Debug|Any CPU.Build.0 = Debug|Any CPU
		{E2AD45E4-07AF-4528-B3DA-1EDE61AA99CF}.Release|Any CPU.ActiveCfg = Release|Any CPU
		{E2AD45E4-07AF-4528-B3DA-1EDE61AA99CF}.Release|Any CPU.Build.0 = Release|Any CPU
		{17F73DA0-6608-446D-84FE-7B3264EA9094}.Debug|Any CPU.ActiveCfg = Debug|Any CPU
		{17F73DA0-6608-446D-84FE-7B3264EA9094}.Debug|Any CPU.Build.0 = Debug|Any CPU
		{17F73DA0-6608-446D-84FE-7B3264EA9094}.Release|Any CPU.ActiveCfg = Release|Any CPU
		{17F73DA0-6608-446D-84FE-7B3264EA9094}.Release|Any CPU.Build.0 = Release|Any CPU
		{7907F4C0-04C4-4EAB-84D4-05E562C2E514}.Debug|Any CPU.ActiveCfg = Debug|Any CPU
		{7907F4C0-04C4-4EAB-84D4-05E562C2E514}.Debug|Any CPU.Build.0 = Debug|Any CPU
		{7907F4C0-04C4-4EAB-84D4-05E562C2E514}.Release|Any CPU.ActiveCfg = Release|Any CPU
		{7907F4C0-04C4-4EAB-84D4-05E562C2E514}.Release|Any CPU.Build.0 = Release|Any CPU
		{CE7F9550-476F-4EBB-9165-BC9DF26F93C1}.Debug|Any CPU.ActiveCfg = Debug|Any CPU
		{CE7F9550-476F-4EBB-9165-BC9DF26F93C1}.Debug|Any CPU.Build.0 = Debug|Any CPU
		{CE7F9550-476F-4EBB-9165-BC9DF26F93C1}.Release|Any CPU.ActiveCfg = Release|Any CPU
		{CE7F9550-476F-4EBB-9165-BC9DF26F93C1}.Release|Any CPU.Build.0 = Release|Any CPU
	EndGlobalSection
	GlobalSection(SolutionProperties) = preSolution
		HideSolutionNode = FALSE
	EndGlobalSection
	GlobalSection(ExtensibilityGlobals) = postSolution
		SolutionGuid = {6D86A076-9908-49B5-A6D6-1E33D6051E48}
	EndGlobalSection
EndGlobal
