
Microsoft Visual Studio Solution File, Format Version 12.00
# Visual Studio Version 16
VisualStudioVersion = 16.0.29920.165
MinimumVisualStudioVersion = 10.0.40219.1
Project("{9A19103F-16F7-4668-BE54-9A1E7A4F7556}") = "smallShop", "smallShop\smallShop.csproj", "{75304F8D-2CDF-4F83-9ACE-CCC0306B8C18}"
EndProject
Project("{9A19103F-16F7-4668-BE54-9A1E7A4F7556}") = "fruits", "fruits\fruits.csproj", "{E7CFF736-56BD-44F1-A412-5E279FA5EB7D}"
EndProject
Project("{9A19103F-16F7-4668-BE54-9A1E7A4F7556}") = "genderAndAge", "genderAndAge\genderAndAge.csproj", "{360FBDD4-04A5-41CC-B338-DBBB099B88FE}"
EndProject
Project("{9A19103F-16F7-4668-BE54-9A1E7A4F7556}") = "numberInRange", "numberInRange\numberInRange.csproj", "{5EFB3171-AC05-451A-81AB-2E453E084426}"
EndProject
Project("{9A19103F-16F7-4668-BE54-9A1E7A4F7556}") = "fruitOrVegetable", "fruitOrVegetable\fruitOrVegetable.csproj", "{237AAC82-280B-4437-997D-7B46E82510C2}"
EndProject
Project("{9A19103F-16F7-4668-BE54-9A1E7A4F7556}") = "countriesAndLanguages", "countriesAndLanguages\countriesAndLanguages.csproj", "{BD284C0B-CE03-4C8F-8F21-C86C25D60817}"
EndProject
Project("{9A19103F-16F7-4668-BE54-9A1E7A4F7556}") = "dayOfWeek", "dayOfWeek\dayOfWeek.csproj", "{D0BA8613-BF1D-4527-8747-2363BB2461D2}"
EndProject
Project("{9A19103F-16F7-4668-BE54-9A1E7A4F7556}") = "skiTrip", "skiTrip\skiTrip.csproj", "{2B64000A-E33E-41AD-894E-615D246DFCF9}"
EndProject
Project("{9A19103F-16F7-4668-BE54-9A1E7A4F7556}") = "PointOnRectangleBorder", "PointOnRectangleBorder\PointOnRectangleBorder.csproj", "{FC0D6ACE-0021-41B4-89B5-931710AD59F7}"
EndProject
Project("{9A19103F-16F7-4668-BE54-9A1E7A4F7556}") = "cinema", "cinema\cinema.csproj", "{5242057B-404C-4696-AFB5-4762D783E2C0}"
EndProject
Project("{9A19103F-16F7-4668-BE54-9A1E7A4F7556}") = "summerOutfit", "summerOutfit\summerOutfit.csproj", "{8DC807C1-3292-4F4E-B003-F7831898FE80}"
EndProject
Project("{9A19103F-16F7-4668-BE54-9A1E7A4F7556}") = "NewHouse", "NewHouse\NewHouse.csproj", "{C8E8E6ED-AA67-41E4-8708-9126F98ED402}"
EndProject
Project("{9A19103F-16F7-4668-BE54-9A1E7A4F7556}") = "fishingBoat", "fishingBoat\fishingBoat.csproj", "{8F484A3B-A8DB-4FE0-B925-EF5B7BE19D18}"
EndProject
Project("{9A19103F-16F7-4668-BE54-9A1E7A4F7556}") = "adventure", "adventure\adventure.csproj", "{54BF2EE4-5891-4A89-84DD-F04BF45C3FE8}"
EndProject
Project("{9A19103F-16F7-4668-BE54-9A1E7A4F7556}") = "simpleCalculator", "simpleCalculator\simpleCalculator.csproj", "{C569CED8-C131-4547-9211-0774F81318C2}"
EndProject
Project("{9A19103F-16F7-4668-BE54-9A1E7A4F7556}") = "numbersOperations", "numbersOperations\numbersOperations.csproj", "{9C54F7B3-722E-42D2-B05E-1E04D33BA175}"
EndProject
Project("{9A19103F-16F7-4668-BE54-9A1E7A4F7556}") = "animalType", "animalType\animalType.csproj", "{E6481562-B12F-45F5-81B5-417BA7CFF53C}"
EndProject
Project("{9A19103F-16F7-4668-BE54-9A1E7A4F7556}") = "invalidNumber", "invalidNumber\invalidNumber.csproj", "{90BBCD42-6ADC-41E3-AEB3-BD5C9AA5272A}"
EndProject
Project("{9A19103F-16F7-4668-BE54-9A1E7A4F7556}") = "tradingCommissions", "tradingCommissions\tradingCommissions.csproj", "{D2797F70-183A-463B-8DF6-4C989EC8CB14}"
EndProject
Project("{9A19103F-16F7-4668-BE54-9A1E7A4F7556}") = "onTime", "onTime\onTime.csproj", "{A0E214C5-4171-4323-BF77-CCBA28103044}"
EndProject
Project("{9A19103F-16F7-4668-BE54-9A1E7A4F7556}") = "volleyball", "volleyball\volleyball.csproj", "{653B419E-0580-4998-AA63-B998F53D14A4}"
EndProject
Project("{9A19103F-16F7-4668-BE54-9A1E7A4F7556}") = "hotelRoom", "hotelRoom\hotelRoom.csproj", "{BE0B8C31-1689-441A-BA65-FEEAA366207F}"
EndProject
Project("{FAE04EC0-301F-11D3-BF4B-00C04F79EFBC}") = "excellentResult", "excellentResult\excellentResult.csproj", "{81745F11-BC7D-466F-B173-939EE3EB59FD}"
EndProject
Project("{FAE04EC0-301F-11D3-BF4B-00C04F79EFBC}") = "greaterNumber", "greaterNumber\greaterNumber.csproj", "{751881A1-61EC-42E6-856B-FF4685593D2D}"
EndProject
Project("{FAE04EC0-301F-11D3-BF4B-00C04F79EFBC}") = "evenOrOdd", "evenOrOdd\evenOrOdd.csproj", "{6E749598-CBE2-4E94-98BE-45A2F50B3780}"
EndProject
Project("{FAE04EC0-301F-11D3-BF4B-00C04F79EFBC}") = "numbersOneToNineToText", "numbersOneToNineToText\numbersOneToNineToText.csproj", "{B4C58920-9679-4116-A4B0-46A071BB61DC}"
EndProject
Project("{FAE04EC0-301F-11D3-BF4B-00C04F79EFBC}") = "numbers100to200", "numbers100to200\numbers100to200.csproj", "{539FA84F-3C62-4D0F-98C0-4D20D555CAA1}"
EndProject
Project("{FAE04EC0-301F-11D3-BF4B-00C04F79EFBC}") = "passwordGuess", "passwordGuess\passwordGuess.csproj", "{6C4D946C-B4DF-4325-A74B-BBAE9AB39A03}"
EndProject
Project("{FAE04EC0-301F-11D3-BF4B-00C04F79EFBC}") = "areaOfFigures", "areaOfFigures\areaOfFigures.csproj", "{BF839F54-D7AE-421E-8856-FAF447E6E67B}"
EndProject
Global
	GlobalSection(SolutionConfigurationPlatforms) = preSolution
		Debug|Any CPU = Debug|Any CPU
		Release|Any CPU = Release|Any CPU
	EndGlobalSection
	GlobalSection(ProjectConfigurationPlatforms) = postSolution
		{75304F8D-2CDF-4F83-9ACE-CCC0306B8C18}.Debug|Any CPU.ActiveCfg = Debug|Any CPU
		{75304F8D-2CDF-4F83-9ACE-CCC0306B8C18}.Debug|Any CPU.Build.0 = Debug|Any CPU
		{75304F8D-2CDF-4F83-9ACE-CCC0306B8C18}.Release|Any CPU.ActiveCfg = Release|Any CPU
		{75304F8D-2CDF-4F83-9ACE-CCC0306B8C18}.Release|Any CPU.Build.0 = Release|Any CPU
		{E7CFF736-56BD-44F1-A412-5E279FA5EB7D}.Debug|Any CPU.ActiveCfg = Debug|Any CPU
		{E7CFF736-56BD-44F1-A412-5E279FA5EB7D}.Debug|Any CPU.Build.0 = Debug|Any CPU
		{E7CFF736-56BD-44F1-A412-5E279FA5EB7D}.Release|Any CPU.ActiveCfg = Release|Any CPU
		{E7CFF736-56BD-44F1-A412-5E279FA5EB7D}.Release|Any CPU.Build.0 = Release|Any CPU
		{360FBDD4-04A5-41CC-B338-DBBB099B88FE}.Debug|Any CPU.ActiveCfg = Debug|Any CPU
		{360FBDD4-04A5-41CC-B338-DBBB099B88FE}.Debug|Any CPU.Build.0 = Debug|Any CPU
		{360FBDD4-04A5-41CC-B338-DBBB099B88FE}.Release|Any CPU.ActiveCfg = Release|Any CPU
		{360FBDD4-04A5-41CC-B338-DBBB099B88FE}.Release|Any CPU.Build.0 = Release|Any CPU
		{5EFB3171-AC05-451A-81AB-2E453E084426}.Debug|Any CPU.ActiveCfg = Debug|Any CPU
		{5EFB3171-AC05-451A-81AB-2E453E084426}.Debug|Any CPU.Build.0 = Debug|Any CPU
		{5EFB3171-AC05-451A-81AB-2E453E084426}.Release|Any CPU.ActiveCfg = Release|Any CPU
		{5EFB3171-AC05-451A-81AB-2E453E084426}.Release|Any CPU.Build.0 = Release|Any CPU
		{237AAC82-280B-4437-997D-7B46E82510C2}.Debug|Any CPU.ActiveCfg = Debug|Any CPU
		{237AAC82-280B-4437-997D-7B46E82510C2}.Debug|Any CPU.Build.0 = Debug|Any CPU
		{237AAC82-280B-4437-997D-7B46E82510C2}.Release|Any CPU.ActiveCfg = Release|Any CPU
		{237AAC82-280B-4437-997D-7B46E82510C2}.Release|Any CPU.Build.0 = Release|Any CPU
		{BD284C0B-CE03-4C8F-8F21-C86C25D60817}.Debug|Any CPU.ActiveCfg = Debug|Any CPU
		{BD284C0B-CE03-4C8F-8F21-C86C25D60817}.Debug|Any CPU.Build.0 = Debug|Any CPU
		{BD284C0B-CE03-4C8F-8F21-C86C25D60817}.Release|Any CPU.ActiveCfg = Release|Any CPU
		{BD284C0B-CE03-4C8F-8F21-C86C25D60817}.Release|Any CPU.Build.0 = Release|Any CPU
		{D0BA8613-BF1D-4527-8747-2363BB2461D2}.Debug|Any CPU.ActiveCfg = Debug|Any CPU
		{D0BA8613-BF1D-4527-8747-2363BB2461D2}.Debug|Any CPU.Build.0 = Debug|Any CPU
		{D0BA8613-BF1D-4527-8747-2363BB2461D2}.Release|Any CPU.ActiveCfg = Release|Any CPU
		{D0BA8613-BF1D-4527-8747-2363BB2461D2}.Release|Any CPU.Build.0 = Release|Any CPU
		{2B64000A-E33E-41AD-894E-615D246DFCF9}.Debug|Any CPU.ActiveCfg = Debug|Any CPU
		{2B64000A-E33E-41AD-894E-615D246DFCF9}.Debug|Any CPU.Build.0 = Debug|Any CPU
		{2B64000A-E33E-41AD-894E-615D246DFCF9}.Release|Any CPU.ActiveCfg = Release|Any CPU
		{2B64000A-E33E-41AD-894E-615D246DFCF9}.Release|Any CPU.Build.0 = Release|Any CPU
		{FC0D6ACE-0021-41B4-89B5-931710AD59F7}.Debug|Any CPU.ActiveCfg = Debug|Any CPU
		{FC0D6ACE-0021-41B4-89B5-931710AD59F7}.Debug|Any CPU.Build.0 = Debug|Any CPU
		{FC0D6ACE-0021-41B4-89B5-931710AD59F7}.Release|Any CPU.ActiveCfg = Release|Any CPU
		{FC0D6ACE-0021-41B4-89B5-931710AD59F7}.Release|Any CPU.Build.0 = Release|Any CPU
		{5242057B-404C-4696-AFB5-4762D783E2C0}.Debug|Any CPU.ActiveCfg = Debug|Any CPU
		{5242057B-404C-4696-AFB5-4762D783E2C0}.Debug|Any CPU.Build.0 = Debug|Any CPU
		{5242057B-404C-4696-AFB5-4762D783E2C0}.Release|Any CPU.ActiveCfg = Release|Any CPU
		{5242057B-404C-4696-AFB5-4762D783E2C0}.Release|Any CPU.Build.0 = Release|Any CPU
		{8DC807C1-3292-4F4E-B003-F7831898FE80}.Debug|Any CPU.ActiveCfg = Debug|Any CPU
		{8DC807C1-3292-4F4E-B003-F7831898FE80}.Debug|Any CPU.Build.0 = Debug|Any CPU
		{8DC807C1-3292-4F4E-B003-F7831898FE80}.Release|Any CPU.ActiveCfg = Release|Any CPU
		{8DC807C1-3292-4F4E-B003-F7831898FE80}.Release|Any CPU.Build.0 = Release|Any CPU
		{C8E8E6ED-AA67-41E4-8708-9126F98ED402}.Debug|Any CPU.ActiveCfg = Debug|Any CPU
		{C8E8E6ED-AA67-41E4-8708-9126F98ED402}.Debug|Any CPU.Build.0 = Debug|Any CPU
		{C8E8E6ED-AA67-41E4-8708-9126F98ED402}.Release|Any CPU.ActiveCfg = Release|Any CPU
		{C8E8E6ED-AA67-41E4-8708-9126F98ED402}.Release|Any CPU.Build.0 = Release|Any CPU
		{8F484A3B-A8DB-4FE0-B925-EF5B7BE19D18}.Debug|Any CPU.ActiveCfg = Debug|Any CPU
		{8F484A3B-A8DB-4FE0-B925-EF5B7BE19D18}.Debug|Any CPU.Build.0 = Debug|Any CPU
		{8F484A3B-A8DB-4FE0-B925-EF5B7BE19D18}.Release|Any CPU.ActiveCfg = Release|Any CPU
		{8F484A3B-A8DB-4FE0-B925-EF5B7BE19D18}.Release|Any CPU.Build.0 = Release|Any CPU
		{54BF2EE4-5891-4A89-84DD-F04BF45C3FE8}.Debug|Any CPU.ActiveCfg = Debug|Any CPU
		{54BF2EE4-5891-4A89-84DD-F04BF45C3FE8}.Debug|Any CPU.Build.0 = Debug|Any CPU
		{54BF2EE4-5891-4A89-84DD-F04BF45C3FE8}.Release|Any CPU.ActiveCfg = Release|Any CPU
		{54BF2EE4-5891-4A89-84DD-F04BF45C3FE8}.Release|Any CPU.Build.0 = Release|Any CPU
		{C569CED8-C131-4547-9211-0774F81318C2}.Debug|Any CPU.ActiveCfg = Debug|Any CPU
		{C569CED8-C131-4547-9211-0774F81318C2}.Debug|Any CPU.Build.0 = Debug|Any CPU
		{C569CED8-C131-4547-9211-0774F81318C2}.Release|Any CPU.ActiveCfg = Release|Any CPU
		{C569CED8-C131-4547-9211-0774F81318C2}.Release|Any CPU.Build.0 = Release|Any CPU
		{9C54F7B3-722E-42D2-B05E-1E04D33BA175}.Debug|Any CPU.ActiveCfg = Debug|Any CPU
		{9C54F7B3-722E-42D2-B05E-1E04D33BA175}.Debug|Any CPU.Build.0 = Debug|Any CPU
		{9C54F7B3-722E-42D2-B05E-1E04D33BA175}.Release|Any CPU.ActiveCfg = Release|Any CPU
		{9C54F7B3-722E-42D2-B05E-1E04D33BA175}.Release|Any CPU.Build.0 = Release|Any CPU
		{E6481562-B12F-45F5-81B5-417BA7CFF53C}.Debug|Any CPU.ActiveCfg = Debug|Any CPU
		{E6481562-B12F-45F5-81B5-417BA7CFF53C}.Debug|Any CPU.Build.0 = Debug|Any CPU
		{E6481562-B12F-45F5-81B5-417BA7CFF53C}.Release|Any CPU.ActiveCfg = Release|Any CPU
		{E6481562-B12F-45F5-81B5-417BA7CFF53C}.Release|Any CPU.Build.0 = Release|Any CPU
		{90BBCD42-6ADC-41E3-AEB3-BD5C9AA5272A}.Debug|Any CPU.ActiveCfg = Debug|Any CPU
		{90BBCD42-6ADC-41E3-AEB3-BD5C9AA5272A}.Debug|Any CPU.Build.0 = Debug|Any CPU
		{90BBCD42-6ADC-41E3-AEB3-BD5C9AA5272A}.Release|Any CPU.ActiveCfg = Release|Any CPU
		{90BBCD42-6ADC-41E3-AEB3-BD5C9AA5272A}.Release|Any CPU.Build.0 = Release|Any CPU
		{D2797F70-183A-463B-8DF6-4C989EC8CB14}.Debug|Any CPU.ActiveCfg = Debug|Any CPU
		{D2797F70-183A-463B-8DF6-4C989EC8CB14}.Debug|Any CPU.Build.0 = Debug|Any CPU
		{D2797F70-183A-463B-8DF6-4C989EC8CB14}.Release|Any CPU.ActiveCfg = Release|Any CPU
		{D2797F70-183A-463B-8DF6-4C989EC8CB14}.Release|Any CPU.Build.0 = Release|Any CPU
		{A0E214C5-4171-4323-BF77-CCBA28103044}.Debug|Any CPU.ActiveCfg = Debug|Any CPU
		{A0E214C5-4171-4323-BF77-CCBA28103044}.Debug|Any CPU.Build.0 = Debug|Any CPU
		{A0E214C5-4171-4323-BF77-CCBA28103044}.Release|Any CPU.ActiveCfg = Release|Any CPU
		{A0E214C5-4171-4323-BF77-CCBA28103044}.Release|Any CPU.Build.0 = Release|Any CPU
		{653B419E-0580-4998-AA63-B998F53D14A4}.Debug|Any CPU.ActiveCfg = Debug|Any CPU
		{653B419E-0580-4998-AA63-B998F53D14A4}.Debug|Any CPU.Build.0 = Debug|Any CPU
		{653B419E-0580-4998-AA63-B998F53D14A4}.Release|Any CPU.ActiveCfg = Release|Any CPU
		{653B419E-0580-4998-AA63-B998F53D14A4}.Release|Any CPU.Build.0 = Release|Any CPU
		{BE0B8C31-1689-441A-BA65-FEEAA366207F}.Debug|Any CPU.ActiveCfg = Debug|Any CPU
		{BE0B8C31-1689-441A-BA65-FEEAA366207F}.Debug|Any CPU.Build.0 = Debug|Any CPU
		{BE0B8C31-1689-441A-BA65-FEEAA366207F}.Release|Any CPU.ActiveCfg = Release|Any CPU
		{BE0B8C31-1689-441A-BA65-FEEAA366207F}.Release|Any CPU.Build.0 = Release|Any CPU
		{81745F11-BC7D-466F-B173-939EE3EB59FD}.Debug|Any CPU.ActiveCfg = Debug|Any CPU
		{81745F11-BC7D-466F-B173-939EE3EB59FD}.Debug|Any CPU.Build.0 = Debug|Any CPU
		{81745F11-BC7D-466F-B173-939EE3EB59FD}.Release|Any CPU.ActiveCfg = Release|Any CPU
		{81745F11-BC7D-466F-B173-939EE3EB59FD}.Release|Any CPU.Build.0 = Release|Any CPU
		{751881A1-61EC-42E6-856B-FF4685593D2D}.Debug|Any CPU.ActiveCfg = Debug|Any CPU
		{751881A1-61EC-42E6-856B-FF4685593D2D}.Debug|Any CPU.Build.0 = Debug|Any CPU
		{751881A1-61EC-42E6-856B-FF4685593D2D}.Release|Any CPU.ActiveCfg = Release|Any CPU
		{751881A1-61EC-42E6-856B-FF4685593D2D}.Release|Any CPU.Build.0 = Release|Any CPU
		{6E749598-CBE2-4E94-98BE-45A2F50B3780}.Debug|Any CPU.ActiveCfg = Debug|Any CPU
		{6E749598-CBE2-4E94-98BE-45A2F50B3780}.Debug|Any CPU.Build.0 = Debug|Any CPU
		{6E749598-CBE2-4E94-98BE-45A2F50B3780}.Release|Any CPU.ActiveCfg = Release|Any CPU
		{6E749598-CBE2-4E94-98BE-45A2F50B3780}.Release|Any CPU.Build.0 = Release|Any CPU
		{B4C58920-9679-4116-A4B0-46A071BB61DC}.Debug|Any CPU.ActiveCfg = Debug|Any CPU
		{B4C58920-9679-4116-A4B0-46A071BB61DC}.Debug|Any CPU.Build.0 = Debug|Any CPU
		{B4C58920-9679-4116-A4B0-46A071BB61DC}.Release|Any CPU.ActiveCfg = Release|Any CPU
		{B4C58920-9679-4116-A4B0-46A071BB61DC}.Release|Any CPU.Build.0 = Release|Any CPU
		{539FA84F-3C62-4D0F-98C0-4D20D555CAA1}.Debug|Any CPU.ActiveCfg = Debug|Any CPU
		{539FA84F-3C62-4D0F-98C0-4D20D555CAA1}.Debug|Any CPU.Build.0 = Debug|Any CPU
		{539FA84F-3C62-4D0F-98C0-4D20D555CAA1}.Release|Any CPU.ActiveCfg = Release|Any CPU
		{539FA84F-3C62-4D0F-98C0-4D20D555CAA1}.Release|Any CPU.Build.0 = Release|Any CPU
		{6C4D946C-B4DF-4325-A74B-BBAE9AB39A03}.Debug|Any CPU.ActiveCfg = Debug|Any CPU
		{6C4D946C-B4DF-4325-A74B-BBAE9AB39A03}.Debug|Any CPU.Build.0 = Debug|Any CPU
		{6C4D946C-B4DF-4325-A74B-BBAE9AB39A03}.Release|Any CPU.ActiveCfg = Release|Any CPU
		{6C4D946C-B4DF-4325-A74B-BBAE9AB39A03}.Release|Any CPU.Build.0 = Release|Any CPU
		{BF839F54-D7AE-421E-8856-FAF447E6E67B}.Debug|Any CPU.ActiveCfg = Debug|Any CPU
		{BF839F54-D7AE-421E-8856-FAF447E6E67B}.Debug|Any CPU.Build.0 = Debug|Any CPU
		{BF839F54-D7AE-421E-8856-FAF447E6E67B}.Release|Any CPU.ActiveCfg = Release|Any CPU
		{BF839F54-D7AE-421E-8856-FAF447E6E67B}.Release|Any CPU.Build.0 = Release|Any CPU
	EndGlobalSection
	GlobalSection(SolutionProperties) = preSolution
		HideSolutionNode = FALSE
	EndGlobalSection
	GlobalSection(ExtensibilityGlobals) = postSolution
		SolutionGuid = {A3DDB956-A6CA-444E-8981-4931201E68B0}
	EndGlobalSection
EndGlobal
