
Microsoft Visual Studio Solution File, Format Version 12.00
# Visual Studio Version 16
VisualStudioVersion = 16.0.30002.166
MinimumVisualStudioVersion = 10.0.40219.1
Project("{9A19103F-16F7-4668-BE54-9A1E7A4F7556}") = "SimpleRPGgame", "SimpleRPGgame\SimpleRPGgame.csproj", "{4A3C3B23-53D1-48ED-8F68-3F567C7C8DAA}"
EndProject
Project("{FAE04EC0-301F-11D3-BF4B-00C04F79EFBC}") = "SimpleRPGgameV2", "SimpleRPGgameV2\SimpleRPGgameV2.csproj", "{9E1FD6F3-F61E-4DEA-B765-545CFBAC1ACF}"
EndProject
Global
	GlobalSection(SolutionConfigurationPlatforms) = preSolution
		Debug|Any CPU = Debug|Any CPU
		Release|Any CPU = Release|Any CPU
	EndGlobalSection
	GlobalSection(ProjectConfigurationPlatforms) = postSolution
		{4A3C3B23-53D1-48ED-8F68-3F567C7C8DAA}.Debug|Any CPU.ActiveCfg = Debug|Any CPU
		{4A3C3B23-53D1-48ED-8F68-3F567C7C8DAA}.Debug|Any CPU.Build.0 = Debug|Any CPU
		{4A3C3B23-53D1-48ED-8F68-3F567C7C8DAA}.Release|Any CPU.ActiveCfg = Release|Any CPU
		{4A3C3B23-53D1-48ED-8F68-3F567C7C8DAA}.Release|Any CPU.Build.0 = Release|Any CPU
		{9E1FD6F3-F61E-4DEA-B765-545CFBAC1ACF}.Debug|Any CPU.ActiveCfg = Debug|Any CPU
		{9E1FD6F3-F61E-4DEA-B765-545CFBAC1ACF}.Debug|Any CPU.Build.0 = Debug|Any CPU
		{9E1FD6F3-F61E-4DEA-B765-545CFBAC1ACF}.Release|Any CPU.ActiveCfg = Release|Any CPU
		{9E1FD6F3-F61E-4DEA-B765-545CFBAC1ACF}.Release|Any CPU.Build.0 = Release|Any CPU
	EndGlobalSection
	GlobalSection(SolutionProperties) = preSolution
		HideSolutionNode = FALSE
	EndGlobalSection
	GlobalSection(ExtensibilityGlobals) = postSolution
		SolutionGuid = {5858CD76-5986-4FA1-9A26-ABAC1E3AADD9}
	EndGlobalSection
EndGlobal
